# This file is automatically @generated by Cargo.
# It is not intended for manual editing.
version = 3

[[package]]
name = "autocfg"
version = "1.4.0"
source = "registry+https://github.com/rust-lang/crates.io-index"
checksum = "ace50bade8e6234aa140d9a2f552bbee1db4d353f69b8217bc503490fc1a9f26"

[[package]]
name = "bch"
version = "0.1.0"
dependencies = [
 "galois",
 "num-traits",
 "polynomial",
]

[[package]]
name = "concatenated_code"
version = "0.1.0"
dependencies = [
 "bch",
 "galois",
 "poly_it",
 "reed_solomon",
]

[[package]]
name = "galois"
version = "0.1.0"
dependencies = [
 "num-traits",
 "polynomial",
]

[[package]]
name = "libm"
version = "0.2.11"
source = "registry+https://github.com/rust-lang/crates.io-index"
checksum = "8355be11b20d696c8f18f6cc018c4e372165b1fa8126cef092399c9951984ffa"

[[package]]
name = "num-traits"
version = "0.2.19"
source = "registry+https://github.com/rust-lang/crates.io-index"
checksum = "071dfc062690e90b734c0b2273ce72ad0ffa95f0c74596bc250dcfd960262841"
dependencies = [
 "autocfg",
 "libm",
]

[[package]]
name = "poly_it"
version = "0.2.4"
source = "registry+https://github.com/rust-lang/crates.io-index"
checksum = "a893805116d7abdb89cfa69a80fbc875e75fa75eee8df126b11ab6d4055a6331"
dependencies = [
 "num-traits",
 "tinyvec",
]

[[package]]
name = "polynomial"
version = "0.2.6"
source = "registry+https://github.com/rust-lang/crates.io-index"
checksum = "27abb6e4638dcecc65a92b50d7f1d87dd6dea987ba71db987b6bf881f4877e9d"
dependencies = [
 "num-traits",
]

[[package]]
name = "reed_solomon"
version = "0.1.0"
dependencies = [
 "galois",
 "poly_it",
]

[[package]]
name = "tinyvec"
version = "1.8.1"
source = "registry+https://github.com/rust-lang/crates.io-index"
checksum = "022db8904dfa342efe721985167e9fcd16c29b226db4397ed752a761cfce81e8"
dependencies = [
 "tinyvec_macros",
]

[[package]]
name = "tinyvec_macros"
version = "0.1.1"
source = "registry+https://github.com/rust-lang/crates.io-index"
checksum = "1f3ccbac311fea05f86f61904b462b55fb3df8837a366dfc601a0161d0532f20"
